
Microsoft Visual Studio Solution File, Format Version 12.00
# Visual Studio Version 17
VisualStudioVersion = 17.5.002.0
MinimumVisualStudioVersion = 10.0.40219.1
Project("{9A19103F-16F7-4668-BE54-9A1E7A4F7556}") = "BlazorPainel", "BlazorPainel.csproj", "{50970DF4-849F-4CE5-98FB-69F7FAC453D0}"
EndProject
Global
	GlobalSection(SolutionConfigurationPlatforms) = preSolution
		Debug|Any CPU = Debug|Any CPU
		Release|Any CPU = Release|Any CPU
	EndGlobalSection
	GlobalSection(ProjectConfigurationPlatforms) = postSolution
		{50970DF4-849F-4CE5-98FB-69F7FAC453D0}.Debug|Any CPU.ActiveCfg = Debug|Any CPU
		{50970DF4-849F-4CE5-98FB-69F7FAC453D0}.Debug|Any CPU.Build.0 = Debug|Any CPU
		{50970DF4-849F-4CE5-98FB-69F7FAC453D0}.Release|Any CPU.ActiveCfg = Release|Any CPU
		{50970DF4-849F-4CE5-98FB-69F7FAC453D0}.Release|Any CPU.Build.0 = Release|Any CPU
	EndGlobalSection
	GlobalSection(SolutionProperties) = preSolution
		HideSolutionNode = FALSE
	EndGlobalSection
	GlobalSection(ExtensibilityGlobals) = postSolution
		SolutionGuid = {E1766358-5455-40CB-9737-C36FE0440E36}
	EndGlobalSection
EndGlobal
